%{
  "brod": {:hex, :brod, "3.14.0", "f959408e88acd0feca22f6a43ca26e70201c6e5c57dc74b87f08ef65a5e7fe18", [:rebar3], [{:kafka_protocol, "2.3.6", [hex: :kafka_protocol, repo: "hexpm", optional: false]}, {:supervisor3, "1.1.11", [hex: :supervisor3, repo: "hexpm", optional: false]}], "hexpm", "a0153437835b810d93e79c7000f55b0c4bd62c281a3224a2615f6aa72b52d484"},
  "common_x": {:hex, :common_x, "0.5.3", "5524f6818305fa0be24055acc4789978edf6750a8b858b7543c1c40049035b0a", [:mix], [], "hexpm", "3a5c29fffc61acde39af3d18e5b3cd41a7b15a15d8eb05bae47114cfe01af761"},
  "crc32cer": {:hex, :crc32cer, "0.1.4", "a656dff19474d1a1fc5bb0081610ab6b0695b23affc47fa90abeb079a8ef9752", [:rebar3], [], "hexpm", "964735a5422cf65bbc5354860a560fff546f0026f83f8860525bd58ab5bade5d"},
  "csh2fjhyll_kvasir": {:hex, :csh2fjhyll_kvasir, "0.0.4", "2700f330a76febfe1150c6b5e3c7f321e75bdc273ad549b4a743e68c3c45bc55", [:mix], [{:common_x, "~> 0.5", [hex: :common_x, repo: "hexpm", optional: false]}, {:jason, "~> 1.2", [hex: :jason, repo: "hexpm", optional: false]}, {:msgpax, "~> 2.2", [hex: :msgpax, repo: "hexpm", optional: false]}, {:poolboy, "~> 1.5", [hex: :poolboy, repo: "hexpm", optional: false]}, {:utc_datetime, "~> 1.0", [hex: :utc_datetime, repo: "hexpm", optional: false]}], "hexpm", "12bb5da0de3f889d0d0c47d73887fb3e0e550fbe0c2de2d75651156b586b959c"},
  "earmark_parser": {:hex, :earmark_parser, "1.4.10", "6603d7a603b9c18d3d20db69921527f82ef09990885ed7525003c7fe7dc86c56", [:mix], [], "hexpm", "8e2d5370b732385db2c9b22215c3f59c84ac7dda7ed7e544d7c459496ae519c0"},
  "ex_doc": {:hex, :ex_doc, "0.22.6", "0fb1e09a3e8b69af0ae94c8b4e4df36995d8c88d5ec7dbd35617929144b62c00", [:mix], [{:earmark_parser, "~> 1.4.0", [hex: :earmark_parser, repo: "hexpm", optional: false]}, {:makeup_elixir, "~> 0.14", [hex: :makeup_elixir, repo: "hexpm", optional: false]}], "hexpm", "1e0aceda15faf71f1b0983165e6e7313be628a460e22a031e32913b98edbd638"},
  "jason": {:hex, :jason, "1.2.2", "ba43e3f2709fd1aa1dce90aaabfd039d000469c05c56f0b8e31978e03fa39052", [:mix], [{:decimal, "~> 1.0 or ~> 2.0", [hex: :decimal, repo: "hexpm", optional: true]}], "hexpm", "18a228f5f0058ee183f29f9eae0805c6e59d61c3b006760668d8d18ff0d12179"},
  "kafka_protocol": {:hex, :kafka_protocol, "2.3.6", "df076a8ef49fffae3535c805cb00f3a057ce1895e63398bf8a10569eeeac02f8", [:rebar, :rebar3], [{:crc32cer, "0.1.4", [hex: :crc32cer, repo: "hexpm", optional: false]}, {:snappyer, "1.2.5", [hex: :snappyer, repo: "hexpm", optional: false]}], "hexpm", "7cb061fe46babc7fd269d2c0e5b4dba5d1efc4f7dacce85b17a9cca973106b23"},
  "makeup": {:hex, :makeup, "1.0.3", "e339e2f766d12e7260e6672dd4047405963c5ec99661abdc432e6ec67d29ef95", [:mix], [{:nimble_parsec, "~> 0.5", [hex: :nimble_parsec, repo: "hexpm", optional: false]}], "hexpm", "2e9b4996d11832947731f7608fed7ad2f9443011b3b479ae288011265cdd3dad"},
  "makeup_elixir": {:hex, :makeup_elixir, "0.14.1", "4f0e96847c63c17841d42c08107405a005a2680eb9c7ccadfd757bd31dabccfb", [:mix], [{:makeup, "~> 1.0", [hex: :makeup, repo: "hexpm", optional: false]}], "hexpm", "f2438b1a80eaec9ede832b5c41cd4f373b38fd7aa33e3b22d9db79e640cbde11"},
  "msgpax": {:hex, :msgpax, "2.2.4", "7b3790ef684089076b63c0f08c2f4b079c6311daeb006b69e4ed2bf67518291e", [:mix], [{:plug, "~> 1.0", [hex: :plug, repo: "hexpm", optional: true]}], "hexpm", "b351b6d992d79624a8430a99d21a41b36b1b90edf84326a294e9f4a2de11f089"},
  "nimble_parsec": {:hex, :nimble_parsec, "0.6.0", "32111b3bf39137144abd7ba1cce0914533b2d16ef35e8abc5ec8be6122944263", [:mix], [], "hexpm", "27eac315a94909d4dc68bc07a4a83e06c8379237c5ea528a9acff4ca1c873c52"},
  "poolboy": {:hex, :poolboy, "1.5.2", "392b007a1693a64540cead79830443abf5762f5d30cf50bc95cb2c1aaafa006b", [:rebar3], [], "hexpm", "dad79704ce5440f3d5a3681c8590b9dc25d1a561e8f5a9c995281012860901e3"},
  "snappyer": {:hex, :snappyer, "1.2.5", "9154b9ac84031f0a799f72a4aa87df23ab2193b5631475fa2cdc304382d2df77", [:rebar3], [], "hexpm", "d2adc26a81efd5f138397a38a0bb545188d302972721f8be0de37fa452c8aed7"},
  "supervisor3": {:hex, :supervisor3, "1.1.11", "d81cdec31d102fde407423e1d05b569572850deebed86b951d5233c387cba80b", [:rebar3], [], "hexpm", "e6c2dedbcabcba24995a218aca12db5e208b80d3252692b22ef0f1a266104b50"},
  "utc_datetime": {:hex, :utc_datetime, "1.0.0", "617b7bac9de12d7afd99dfbbbc3cea7534ac044996bc40ab35f5bf78ca35dc6a", [:mix], [{:ecto, ">= 3.0.0", [hex: :ecto, repo: "hexpm", optional: true]}, {:jason, ">= 1.0.0", [hex: :jason, repo: "hexpm", optional: true]}], "hexpm", "c6c7db85badc8e6133b08107c09fcee1bd7290ee868ae17924c827b9704d718e"},
}
