%{
  "brod": {:hex, :brod, "3.14.0", "f959408e88acd0feca22f6a43ca26e70201c6e5c57dc74b87f08ef65a5e7fe18", [:rebar3], [{:kafka_protocol, "2.3.6", [hex: :kafka_protocol, repo: "hexpm", optional: false]}, {:supervisor3, "1.1.11", [hex: :supervisor3, repo: "hexpm", optional: false]}], "hexpm", "a0153437835b810d93e79c7000f55b0c4bd62c281a3224a2615f6aa72b52d484"},
  "common_x": {:hex, :common_x, "0.2.3", "5742aed50ca1d6cd6e25b744e79095e3ef3869e950053de4fb9195abae9eca0b", [:mix], [], "hexpm", "8dc1c235751cc9e626c9cd210ad2aaacfaf4ed58c6c7ae0008ca1db55502c760"},
  "crc32cer": {:hex, :crc32cer, "0.1.4", "a656dff19474d1a1fc5bb0081610ab6b0695b23affc47fa90abeb079a8ef9752", [:rebar3], [], "hexpm", "964735a5422cf65bbc5354860a560fff546f0026f83f8860525bd58ab5bade5d"},
  "jason": {:hex, :jason, "1.1.2", "b03dedea67a99223a2eaf9f1264ce37154564de899fd3d8b9a21b1a6fd64afe7", [:mix], [{:decimal, "~> 1.0", [hex: :decimal, repo: "hexpm", optional: true]}], "hexpm", "fdf843bca858203ae1de16da2ee206f53416bbda5dc8c9e78f43243de4bc3afe"},
  "kafka_protocol": {:hex, :kafka_protocol, "2.3.6", "df076a8ef49fffae3535c805cb00f3a057ce1895e63398bf8a10569eeeac02f8", [:rebar, :rebar3], [{:crc32cer, "0.1.4", [hex: :crc32cer, repo: "hexpm", optional: false]}, {:snappyer, "1.2.5", [hex: :snappyer, repo: "hexpm", optional: false]}], "hexpm", "7cb061fe46babc7fd269d2c0e5b4dba5d1efc4f7dacce85b17a9cca973106b23"},
  "kvasir": {:git, "https://github.com/IanLuites/kvasir", "aed617ca552fdd2fe29e1f10369b2f254bfaa644", [branch: "release/v1.0"]},
  "snappyer": {:hex, :snappyer, "1.2.5", "9154b9ac84031f0a799f72a4aa87df23ab2193b5631475fa2cdc304382d2df77", [:rebar3], [], "hexpm", "d2adc26a81efd5f138397a38a0bb545188d302972721f8be0de37fa452c8aed7"},
  "supervisor3": {:hex, :supervisor3, "1.1.11", "d81cdec31d102fde407423e1d05b569572850deebed86b951d5233c387cba80b", [:rebar3], [], "hexpm", "e6c2dedbcabcba24995a218aca12db5e208b80d3252692b22ef0f1a266104b50"},
  "utc_datetime": {:hex, :utc_datetime, "0.0.13", "6781ca49a09009d50c622dbb91346d85a31592e01254ad7ebd48835df9896f33", [:mix], [{:ecto, ">= 3.0.0", [hex: :ecto, repo: "hexpm", optional: true]}, {:jason, ">= 1.0.0", [hex: :jason, repo: "hexpm", optional: true]}], "hexpm", "6047220381b1b7f9e9eb1900944ae1352778c76ef1d2d9d42e6a48a3ea18cc85"},
}
